
Microsoft Visual Studio Solution File, Format Version 12.00
# Visual Studio Version 17
VisualStudioVersion = 17.2.32630.192
MinimumVisualStudioVersion = 10.0.40219.1
Project("{9A19103F-16F7-4668-BE54-9A1E7A4F7556}") = "R5T.S0093", "R5T.S0093\R5T.S0093.csproj", "{F673B985-95A0-4E2B-BDE6-496164E8769C}"
EndProject
Global
	GlobalSection(SolutionConfigurationPlatforms) = preSolution
		Debug|Any CPU = Debug|Any CPU
		Release|Any CPU = Release|Any CPU
	EndGlobalSection
	GlobalSection(ProjectConfigurationPlatforms) = postSolution
		{F673B985-95A0-4E2B-BDE6-496164E8769C}.Debug|Any CPU.ActiveCfg = Debug|Any CPU
		{F673B985-95A0-4E2B-BDE6-496164E8769C}.Debug|Any CPU.Build.0 = Debug|Any CPU
		{F673B985-95A0-4E2B-BDE6-496164E8769C}.Release|Any CPU.ActiveCfg = Release|Any CPU
		{F673B985-95A0-4E2B-BDE6-496164E8769C}.Release|Any CPU.Build.0 = Release|Any CPU
	EndGlobalSection
	GlobalSection(SolutionProperties) = preSolution
		HideSolutionNode = FALSE
	EndGlobalSection
	GlobalSection(ExtensibilityGlobals) = postSolution
		SolutionGuid = {32D6BFA7-49B5-48FD-A1D5-0018A5A62E74}
	EndGlobalSection
EndGlobal
